
Microsoft Visual Studio Solution File, Format Version 12.00
# Visual Studio Version 18
VisualStudioVersion = 18.3.11312.210 d18.3
MinimumVisualStudioVersion = 10.0.40219.1
Project("{FAE04EC0-301F-11D3-BF4B-00C04F79EFBC}") = "Calgen", "Calgen.csproj", "{A7B2B1D1-19B9-E046-9320-2A32E7673CAF}"
EndProject
Global
	GlobalSection(SolutionConfigurationPlatforms) = preSolution
		Debug|Any CPU = Debug|Any CPU
		Release|Any CPU = Release|Any CPU
	EndGlobalSection
	GlobalSection(ProjectConfigurationPlatforms) = postSolution
		{A7B2B1D1-19B9-E046-9320-2A32E7673CAF}.Debug|Any CPU.ActiveCfg = Debug|Any CPU
		{A7B2B1D1-19B9-E046-9320-2A32E7673CAF}.Debug|Any CPU.Build.0 = Debug|Any CPU
		{A7B2B1D1-19B9-E046-9320-2A32E7673CAF}.Release|Any CPU.ActiveCfg = Release|Any CPU
		{A7B2B1D1-19B9-E046-9320-2A32E7673CAF}.Release|Any CPU.Build.0 = Release|Any CPU
	EndGlobalSection
	GlobalSection(SolutionProperties) = preSolution
		HideSolutionNode = FALSE
	EndGlobalSection
	GlobalSection(ExtensibilityGlobals) = postSolution
		SolutionGuid = {0439FAFD-CC85-4F4C-AA4B-88166AC12AE5}
	EndGlobalSection
EndGlobal
